
Microsoft Visual Studio Solution File, Format Version 12.00
# Visual Studio Version 17
VisualStudioVersion = 17.14.36623.8
MinimumVisualStudioVersion = 10.0.40219.1
Project("{2150E333-8FDC-42A3-9474-1A3956D46DE8}") = "src", "src", "{02EA681E-C7D8-13C7-8484-4AC65E1B71E8}"
EndProject
Project("{2150E333-8FDC-42A3-9474-1A3956D46DE8}") = "ApiGateway", "ApiGateway", "{41F4B6D8-A65D-4D19-8482-3DEC57DE0427}"
EndProject
Project("{FAE04EC0-301F-11D3-BF4B-00C04F79EFBC}") = "MyCompany.ApiGateway", "MyCompany.ApiGateway\MyCompany.ApiGateway.csproj", "{7EFFECD7-7ABC-4923-B997-69DCACBADA2E}"
EndProject
Project("{2150E333-8FDC-42A3-9474-1A3956D46DE8}") = "Services", "Services", "{FC193D92-3C2C-43A5-869C-EB6511C69891}"
EndProject
Project("{2150E333-8FDC-42A3-9474-1A3956D46DE8}") = "Catalog", "Catalog", "{620C5D0D-28E2-4578-B7D1-F70D723D49CE}"
EndProject
Project("{FAE04EC0-301F-11D3-BF4B-00C04F79EFBC}") = "Catalog.Api", "Catalog.Api\Catalog.Api.csproj", "{EDFD7699-DFC7-4361-8DA4-38CB6F058E31}"
EndProject
Project("{2150E333-8FDC-42A3-9474-1A3956D46DE8}") = "Pricing", "Pricing", "{73CE69CC-546F-44D0-8223-B624710D5E01}"
EndProject
Project("{FAE04EC0-301F-11D3-BF4B-00C04F79EFBC}") = "Pricing.Api", "Pricing.Api\Pricing.Api.csproj", "{69627236-EB81-460E-89B1-66E9704BC1FC}"
EndProject
Project("{2150E333-8FDC-42A3-9474-1A3956D46DE8}") = "Promotion", "Promotion", "{327212B3-68EA-4A81-8E35-727F92BA9CA5}"
EndProject
Project("{FAE04EC0-301F-11D3-BF4B-00C04F79EFBC}") = "Promotions.Api", "Promotions.Api\Promotions.Api.csproj", "{F66352B1-B943-4445-B84B-382E26AE9EBF}"
EndProject
Project("{2150E333-8FDC-42A3-9474-1A3956D46DE8}") = "BuildingBlocks", "BuildingBlocks", "{B45A298B-0BC6-4198-B19B-9A9E9FC48586}"
EndProject
Project("{2150E333-8FDC-42A3-9474-1A3956D46DE8}") = "Common.Security", "Common.Security", "{94B46F9D-B426-4CBD-BCB5-10B2F08EAACF}"
EndProject
Project("{2150E333-8FDC-42A3-9474-1A3956D46DE8}") = "Common.Observability", "Common.Observability", "{2E4C81B0-EF9F-4D3B-B115-B9B055E7F1D4}"
EndProject
Project("{2150E333-8FDC-42A3-9474-1A3956D46DE8}") = "Common.Messaging", "Common.Messaging", "{7E8F3782-999C-4C56-8DA2-2CEEAD1E91CB}"
EndProject
Project("{2150E333-8FDC-42A3-9474-1A3956D46DE8}") = "tests", "tests", "{1922A0EC-9D05-46DD-ABD6-1D84415C39ED}"
EndProject
Project("{2150E333-8FDC-42A3-9474-1A3956D46DE8}") = "ApiGateway.Tests", "ApiGateway.Tests", "{1A0E6720-687E-43F9-8FDF-DA599C072D83}"
EndProject
Project("{2150E333-8FDC-42A3-9474-1A3956D46DE8}") = "Catalog.Tests", "Catalog.Tests", "{BEDB14BC-2C37-42EF-9358-74BDEAD0C4F8}"
EndProject
Project("{2150E333-8FDC-42A3-9474-1A3956D46DE8}") = "Pricing.Tests", "Pricing.Tests", "{D7C43EAE-0747-409B-B565-5016458F4966}"
EndProject
Project("{2150E333-8FDC-42A3-9474-1A3956D46DE8}") = "Promotions.Tests", "Promotions.Tests", "{92B96201-F5FD-4EFF-8809-08E23E310927}"
EndProject
Project("{2150E333-8FDC-42A3-9474-1A3956D46DE8}") = "deploy", "deploy", "{A4581E15-B8D6-46EE-A59E-F15BEF48E8A6}"
EndProject
Project("{2150E333-8FDC-42A3-9474-1A3956D46DE8}") = "docker", "docker", "{54B036B8-1962-4AB7-9DEA-A8C002913AA3}"
EndProject
Project("{2150E333-8FDC-42A3-9474-1A3956D46DE8}") = "k8s", "k8s", "{77820253-135A-4EC3-A50F-08F23BDCF998}"
EndProject
Project("{2150E333-8FDC-42A3-9474-1A3956D46DE8}") = "pipelines", "pipelines", "{663E3E15-7418-44BF-960D-F17AABC1853E}"
EndProject
Project("{FAE04EC0-301F-11D3-BF4B-00C04F79EFBC}") = "Promotions.Application", "Promotions.Application\Promotions.Application.csproj", "{79D166AE-D633-4EE9-804D-04C756015335}"
EndProject
Project("{FAE04EC0-301F-11D3-BF4B-00C04F79EFBC}") = "Promotions.Domain", "Promotions.Domain\Promotions.Domain.csproj", "{51AEA9F7-A721-438F-8B4B-A9D75FD79AB6}"
EndProject
Project("{FAE04EC0-301F-11D3-BF4B-00C04F79EFBC}") = "Promotions.Infrastructure", "Promotions.Infrastructure\Promotions.Infrastructure.csproj", "{7468A819-C1F5-4098-AC2B-48F77952C6ED}"
EndProject
Project("{FAE04EC0-301F-11D3-BF4B-00C04F79EFBC}") = "Promotions.Contracts", "Promotions.Contracts\Promotions.Contracts.csproj", "{4C60AEA6-727A-4EF9-826C-6C9FA2DA1D77}"
EndProject
Project("{2150E333-8FDC-42A3-9474-1A3956D46DE8}") = "Identity", "Identity", "{075D6228-3098-40EC-BFA0-E2EBCA194098}"
EndProject
Project("{FAE04EC0-301F-11D3-BF4B-00C04F79EFBC}") = "SSO.Api", "SSO.Api\SSO.Api.csproj", "{0465A323-3394-42C5-81BA-752BCE004245}"
EndProject
Project("{FAE04EC0-301F-11D3-BF4B-00C04F79EFBC}") = "SSO.Application", "SSO.Application\SSO.Application.csproj", "{BF7E3C14-5348-447C-A9FA-B36D4E47D010}"
EndProject
Project("{FAE04EC0-301F-11D3-BF4B-00C04F79EFBC}") = "SSO.Domain", "SSO.Domain\SSO.Domain.csproj", "{569A95ED-641B-4DCF-8D14-A38BEE9DA40E}"
EndProject
Project("{FAE04EC0-301F-11D3-BF4B-00C04F79EFBC}") = "SSO.Infrastructure", "SSO.Infrastructure\SSO.Infrastructure.csproj", "{ABA290B5-74D8-490D-A167-DE840CEE9585}"
EndProject
Project("{FAE04EC0-301F-11D3-BF4B-00C04F79EFBC}") = "SSO.Contracts", "SSO.Contracts\SSO.Contracts.csproj", "{D029E910-CF7E-451C-94EF-4FCA10C49883}"
EndProject
Project("{FAE04EC0-301F-11D3-BF4B-00C04F79EFBC}") = "MyCompany.Common.Logging", "BuildingBlocks\Common.Logging\MyCompany.Common.Logging.csproj", "{9E3E55E9-A44B-4407-8FC4-EEBE8C45AD72}"
EndProject
Project("{2150E333-8FDC-42A3-9474-1A3956D46DE8}") = "database", "database", "{EE40624A-5682-4517-B86D-D9931A088DC2}"
EndProject
Project("{2150E333-8FDC-42A3-9474-1A3956D46DE8}") = "Promotion", "Promotion", "{B9B26710-E957-4B7C-BDC1-2D526B16AF7C}"
EndProject
Project("{00D1A9C2-B5F0-4AF3-8072-F6C62B433612}") = "XtelMiniPromo", "..\..\task_db_vs\minitpm\XtelMiniPromo\XtelMiniPromo.sqlproj", "{C141C173-E888-46BE-A8C3-9C39F66C6B1A}"
EndProject
Global
	GlobalSection(SolutionConfigurationPlatforms) = preSolution
		Debug|Any CPU = Debug|Any CPU
		Release|Any CPU = Release|Any CPU
	EndGlobalSection
	GlobalSection(ProjectConfigurationPlatforms) = postSolution
		{7EFFECD7-7ABC-4923-B997-69DCACBADA2E}.Debug|Any CPU.ActiveCfg = Debug|Any CPU
		{7EFFECD7-7ABC-4923-B997-69DCACBADA2E}.Debug|Any CPU.Build.0 = Debug|Any CPU
		{7EFFECD7-7ABC-4923-B997-69DCACBADA2E}.Release|Any CPU.ActiveCfg = Release|Any CPU
		{7EFFECD7-7ABC-4923-B997-69DCACBADA2E}.Release|Any CPU.Build.0 = Release|Any CPU
		{EDFD7699-DFC7-4361-8DA4-38CB6F058E31}.Debug|Any CPU.ActiveCfg = Debug|Any CPU
		{EDFD7699-DFC7-4361-8DA4-38CB6F058E31}.Debug|Any CPU.Build.0 = Debug|Any CPU
		{EDFD7699-DFC7-4361-8DA4-38CB6F058E31}.Release|Any CPU.ActiveCfg = Release|Any CPU
		{EDFD7699-DFC7-4361-8DA4-38CB6F058E31}.Release|Any CPU.Build.0 = Release|Any CPU
		{69627236-EB81-460E-89B1-66E9704BC1FC}.Debug|Any CPU.ActiveCfg = Debug|Any CPU
		{69627236-EB81-460E-89B1-66E9704BC1FC}.Debug|Any CPU.Build.0 = Debug|Any CPU
		{69627236-EB81-460E-89B1-66E9704BC1FC}.Release|Any CPU.ActiveCfg = Release|Any CPU
		{69627236-EB81-460E-89B1-66E9704BC1FC}.Release|Any CPU.Build.0 = Release|Any CPU
		{F66352B1-B943-4445-B84B-382E26AE9EBF}.Debug|Any CPU.ActiveCfg = Debug|Any CPU
		{F66352B1-B943-4445-B84B-382E26AE9EBF}.Debug|Any CPU.Build.0 = Debug|Any CPU
		{F66352B1-B943-4445-B84B-382E26AE9EBF}.Release|Any CPU.ActiveCfg = Release|Any CPU
		{F66352B1-B943-4445-B84B-382E26AE9EBF}.Release|Any CPU.Build.0 = Release|Any CPU
		{79D166AE-D633-4EE9-804D-04C756015335}.Debug|Any CPU.ActiveCfg = Debug|Any CPU
		{79D166AE-D633-4EE9-804D-04C756015335}.Debug|Any CPU.Build.0 = Debug|Any CPU
		{79D166AE-D633-4EE9-804D-04C756015335}.Release|Any CPU.ActiveCfg = Release|Any CPU
		{79D166AE-D633-4EE9-804D-04C756015335}.Release|Any CPU.Build.0 = Release|Any CPU
		{51AEA9F7-A721-438F-8B4B-A9D75FD79AB6}.Debug|Any CPU.ActiveCfg = Debug|Any CPU
		{51AEA9F7-A721-438F-8B4B-A9D75FD79AB6}.Debug|Any CPU.Build.0 = Debug|Any CPU
		{51AEA9F7-A721-438F-8B4B-A9D75FD79AB6}.Release|Any CPU.ActiveCfg = Release|Any CPU
		{51AEA9F7-A721-438F-8B4B-A9D75FD79AB6}.Release|Any CPU.Build.0 = Release|Any CPU
		{7468A819-C1F5-4098-AC2B-48F77952C6ED}.Debug|Any CPU.ActiveCfg = Debug|Any CPU
		{7468A819-C1F5-4098-AC2B-48F77952C6ED}.Debug|Any CPU.Build.0 = Debug|Any CPU
		{7468A819-C1F5-4098-AC2B-48F77952C6ED}.Release|Any CPU.ActiveCfg = Release|Any CPU
		{7468A819-C1F5-4098-AC2B-48F77952C6ED}.Release|Any CPU.Build.0 = Release|Any CPU
		{4C60AEA6-727A-4EF9-826C-6C9FA2DA1D77}.Debug|Any CPU.ActiveCfg = Debug|Any CPU
		{4C60AEA6-727A-4EF9-826C-6C9FA2DA1D77}.Debug|Any CPU.Build.0 = Debug|Any CPU
		{4C60AEA6-727A-4EF9-826C-6C9FA2DA1D77}.Release|Any CPU.ActiveCfg = Release|Any CPU
		{4C60AEA6-727A-4EF9-826C-6C9FA2DA1D77}.Release|Any CPU.Build.0 = Release|Any CPU
		{0465A323-3394-42C5-81BA-752BCE004245}.Debug|Any CPU.ActiveCfg = Debug|Any CPU
		{0465A323-3394-42C5-81BA-752BCE004245}.Debug|Any CPU.Build.0 = Debug|Any CPU
		{0465A323-3394-42C5-81BA-752BCE004245}.Release|Any CPU.ActiveCfg = Release|Any CPU
		{0465A323-3394-42C5-81BA-752BCE004245}.Release|Any CPU.Build.0 = Release|Any CPU
		{BF7E3C14-5348-447C-A9FA-B36D4E47D010}.Debug|Any CPU.ActiveCfg = Debug|Any CPU
		{BF7E3C14-5348-447C-A9FA-B36D4E47D010}.Debug|Any CPU.Build.0 = Debug|Any CPU
		{BF7E3C14-5348-447C-A9FA-B36D4E47D010}.Release|Any CPU.ActiveCfg = Release|Any CPU
		{BF7E3C14-5348-447C-A9FA-B36D4E47D010}.Release|Any CPU.Build.0 = Release|Any CPU
		{569A95ED-641B-4DCF-8D14-A38BEE9DA40E}.Debug|Any CPU.ActiveCfg = Debug|Any CPU
		{569A95ED-641B-4DCF-8D14-A38BEE9DA40E}.Debug|Any CPU.Build.0 = Debug|Any CPU
		{569A95ED-641B-4DCF-8D14-A38BEE9DA40E}.Release|Any CPU.ActiveCfg = Release|Any CPU
		{569A95ED-641B-4DCF-8D14-A38BEE9DA40E}.Release|Any CPU.Build.0 = Release|Any CPU
		{ABA290B5-74D8-490D-A167-DE840CEE9585}.Debug|Any CPU.ActiveCfg = Debug|Any CPU
		{ABA290B5-74D8-490D-A167-DE840CEE9585}.Debug|Any CPU.Build.0 = Debug|Any CPU
		{ABA290B5-74D8-490D-A167-DE840CEE9585}.Release|Any CPU.ActiveCfg = Release|Any CPU
		{ABA290B5-74D8-490D-A167-DE840CEE9585}.Release|Any CPU.Build.0 = Release|Any CPU
		{D029E910-CF7E-451C-94EF-4FCA10C49883}.Debug|Any CPU.ActiveCfg = Debug|Any CPU
		{D029E910-CF7E-451C-94EF-4FCA10C49883}.Debug|Any CPU.Build.0 = Debug|Any CPU
		{D029E910-CF7E-451C-94EF-4FCA10C49883}.Release|Any CPU.ActiveCfg = Release|Any CPU
		{D029E910-CF7E-451C-94EF-4FCA10C49883}.Release|Any CPU.Build.0 = Release|Any CPU
		{9E3E55E9-A44B-4407-8FC4-EEBE8C45AD72}.Debug|Any CPU.ActiveCfg = Debug|Any CPU
		{9E3E55E9-A44B-4407-8FC4-EEBE8C45AD72}.Debug|Any CPU.Build.0 = Debug|Any CPU
		{9E3E55E9-A44B-4407-8FC4-EEBE8C45AD72}.Release|Any CPU.ActiveCfg = Release|Any CPU
		{9E3E55E9-A44B-4407-8FC4-EEBE8C45AD72}.Release|Any CPU.Build.0 = Release|Any CPU
		{C141C173-E888-46BE-A8C3-9C39F66C6B1A}.Debug|Any CPU.ActiveCfg = Debug|Any CPU
		{C141C173-E888-46BE-A8C3-9C39F66C6B1A}.Debug|Any CPU.Build.0 = Debug|Any CPU
		{C141C173-E888-46BE-A8C3-9C39F66C6B1A}.Debug|Any CPU.Deploy.0 = Debug|Any CPU
		{C141C173-E888-46BE-A8C3-9C39F66C6B1A}.Release|Any CPU.ActiveCfg = Release|Any CPU
		{C141C173-E888-46BE-A8C3-9C39F66C6B1A}.Release|Any CPU.Build.0 = Release|Any CPU
		{C141C173-E888-46BE-A8C3-9C39F66C6B1A}.Release|Any CPU.Deploy.0 = Release|Any CPU
	EndGlobalSection
	GlobalSection(SolutionProperties) = preSolution
		HideSolutionNode = FALSE
	EndGlobalSection
	GlobalSection(NestedProjects) = preSolution
		{41F4B6D8-A65D-4D19-8482-3DEC57DE0427} = {02EA681E-C7D8-13C7-8484-4AC65E1B71E8}
		{7EFFECD7-7ABC-4923-B997-69DCACBADA2E} = {41F4B6D8-A65D-4D19-8482-3DEC57DE0427}
		{FC193D92-3C2C-43A5-869C-EB6511C69891} = {02EA681E-C7D8-13C7-8484-4AC65E1B71E8}
		{620C5D0D-28E2-4578-B7D1-F70D723D49CE} = {FC193D92-3C2C-43A5-869C-EB6511C69891}
		{EDFD7699-DFC7-4361-8DA4-38CB6F058E31} = {620C5D0D-28E2-4578-B7D1-F70D723D49CE}
		{73CE69CC-546F-44D0-8223-B624710D5E01} = {FC193D92-3C2C-43A5-869C-EB6511C69891}
		{69627236-EB81-460E-89B1-66E9704BC1FC} = {73CE69CC-546F-44D0-8223-B624710D5E01}
		{327212B3-68EA-4A81-8E35-727F92BA9CA5} = {FC193D92-3C2C-43A5-869C-EB6511C69891}
		{F66352B1-B943-4445-B84B-382E26AE9EBF} = {327212B3-68EA-4A81-8E35-727F92BA9CA5}
		{B45A298B-0BC6-4198-B19B-9A9E9FC48586} = {02EA681E-C7D8-13C7-8484-4AC65E1B71E8}
		{94B46F9D-B426-4CBD-BCB5-10B2F08EAACF} = {B45A298B-0BC6-4198-B19B-9A9E9FC48586}
		{2E4C81B0-EF9F-4D3B-B115-B9B055E7F1D4} = {B45A298B-0BC6-4198-B19B-9A9E9FC48586}
		{7E8F3782-999C-4C56-8DA2-2CEEAD1E91CB} = {B45A298B-0BC6-4198-B19B-9A9E9FC48586}
		{1A0E6720-687E-43F9-8FDF-DA599C072D83} = {1922A0EC-9D05-46DD-ABD6-1D84415C39ED}
		{BEDB14BC-2C37-42EF-9358-74BDEAD0C4F8} = {1922A0EC-9D05-46DD-ABD6-1D84415C39ED}
		{D7C43EAE-0747-409B-B565-5016458F4966} = {1922A0EC-9D05-46DD-ABD6-1D84415C39ED}
		{92B96201-F5FD-4EFF-8809-08E23E310927} = {1922A0EC-9D05-46DD-ABD6-1D84415C39ED}
		{54B036B8-1962-4AB7-9DEA-A8C002913AA3} = {A4581E15-B8D6-46EE-A59E-F15BEF48E8A6}
		{77820253-135A-4EC3-A50F-08F23BDCF998} = {A4581E15-B8D6-46EE-A59E-F15BEF48E8A6}
		{663E3E15-7418-44BF-960D-F17AABC1853E} = {A4581E15-B8D6-46EE-A59E-F15BEF48E8A6}
		{79D166AE-D633-4EE9-804D-04C756015335} = {327212B3-68EA-4A81-8E35-727F92BA9CA5}
		{51AEA9F7-A721-438F-8B4B-A9D75FD79AB6} = {327212B3-68EA-4A81-8E35-727F92BA9CA5}
		{7468A819-C1F5-4098-AC2B-48F77952C6ED} = {327212B3-68EA-4A81-8E35-727F92BA9CA5}
		{4C60AEA6-727A-4EF9-826C-6C9FA2DA1D77} = {327212B3-68EA-4A81-8E35-727F92BA9CA5}
		{075D6228-3098-40EC-BFA0-E2EBCA194098} = {FC193D92-3C2C-43A5-869C-EB6511C69891}
		{0465A323-3394-42C5-81BA-752BCE004245} = {075D6228-3098-40EC-BFA0-E2EBCA194098}
		{BF7E3C14-5348-447C-A9FA-B36D4E47D010} = {075D6228-3098-40EC-BFA0-E2EBCA194098}
		{569A95ED-641B-4DCF-8D14-A38BEE9DA40E} = {075D6228-3098-40EC-BFA0-E2EBCA194098}
		{ABA290B5-74D8-490D-A167-DE840CEE9585} = {075D6228-3098-40EC-BFA0-E2EBCA194098}
		{D029E910-CF7E-451C-94EF-4FCA10C49883} = {075D6228-3098-40EC-BFA0-E2EBCA194098}
		{9E3E55E9-A44B-4407-8FC4-EEBE8C45AD72} = {B45A298B-0BC6-4198-B19B-9A9E9FC48586}
		{B9B26710-E957-4B7C-BDC1-2D526B16AF7C} = {EE40624A-5682-4517-B86D-D9931A088DC2}
		{C141C173-E888-46BE-A8C3-9C39F66C6B1A} = {B9B26710-E957-4B7C-BDC1-2D526B16AF7C}
	EndGlobalSection
	GlobalSection(ExtensibilityGlobals) = postSolution
		SolutionGuid = {9C1FCD3C-A072-40BD-B17A-4F6C0E8998F5}
	EndGlobalSection
EndGlobal
