
Microsoft Visual Studio Solution File, Format Version 12.00
# Visual Studio Version 17
VisualStudioVersion = 17.14.36623.8
MinimumVisualStudioVersion = 10.0.40219.1
Project("{2150E333-8FDC-42A3-9474-1A3956D46DE8}") = "src", "src", "{02EA681E-C7D8-13C7-8484-4AC65E1B71E8}"
EndProject
Project("{2150E333-8FDC-42A3-9474-1A3956D46DE8}") = "ApiGateway", "ApiGateway", "{41F4B6D8-A65D-4D19-8482-3DEC57DE0427}"
EndProject
Project("{FAE04EC0-301F-11D3-BF4B-00C04F79EFBC}") = "MyCompany.ApiGateway", "MyCompany.ApiGateway\MyCompany.ApiGateway.csproj", "{7EFFECD7-7ABC-4923-B997-69DCACBADA2E}"
EndProject
Project("{2150E333-8FDC-42A3-9474-1A3956D46DE8}") = "Services", "Services", "{FC193D92-3C2C-43A5-869C-EB6511C69891}"
EndProject
Project("{2150E333-8FDC-42A3-9474-1A3956D46DE8}") = "Promotion", "Promotion", "{327212B3-68EA-4A81-8E35-727F92BA9CA5}"
EndProject
Project("{FAE04EC0-301F-11D3-BF4B-00C04F79EFBC}") = "Promotions.Api", "Promotions.Api\Promotions.Api.csproj", "{F66352B1-B943-4445-B84B-382E26AE9EBF}"
EndProject
Project("{2150E333-8FDC-42A3-9474-1A3956D46DE8}") = "BuildingBlocks", "BuildingBlocks", "{B45A298B-0BC6-4198-B19B-9A9E9FC48586}"
EndProject
Project("{2150E333-8FDC-42A3-9474-1A3956D46DE8}") = "Common.Security", "Common.Security", "{94B46F9D-B426-4CBD-BCB5-10B2F08EAACF}"
EndProject
Project("{2150E333-8FDC-42A3-9474-1A3956D46DE8}") = "Common.Observability", "Common.Observability", "{2E4C81B0-EF9F-4D3B-B115-B9B055E7F1D4}"
EndProject
Project("{2150E333-8FDC-42A3-9474-1A3956D46DE8}") = "Common.Messaging", "Common.Messaging", "{7E8F3782-999C-4C56-8DA2-2CEEAD1E91CB}"
EndProject
Project("{2150E333-8FDC-42A3-9474-1A3956D46DE8}") = "tests", "tests", "{1922A0EC-9D05-46DD-ABD6-1D84415C39ED}"
EndProject
Project("{2150E333-8FDC-42A3-9474-1A3956D46DE8}") = "deploy", "deploy", "{A4581E15-B8D6-46EE-A59E-F15BEF48E8A6}"
EndProject
Project("{2150E333-8FDC-42A3-9474-1A3956D46DE8}") = "docker", "docker", "{54B036B8-1962-4AB7-9DEA-A8C002913AA3}"
EndProject
Project("{2150E333-8FDC-42A3-9474-1A3956D46DE8}") = "k8s", "k8s", "{77820253-135A-4EC3-A50F-08F23BDCF998}"
EndProject
Project("{2150E333-8FDC-42A3-9474-1A3956D46DE8}") = "pipelines", "pipelines", "{663E3E15-7418-44BF-960D-F17AABC1853E}"
EndProject
Project("{FAE04EC0-301F-11D3-BF4B-00C04F79EFBC}") = "Promotions.Application", "Promotions.Application\Promotions.Application.csproj", "{79D166AE-D633-4EE9-804D-04C756015335}"
EndProject
Project("{FAE04EC0-301F-11D3-BF4B-00C04F79EFBC}") = "Promotions.Domain", "Promotions.Domain\Promotions.Domain.csproj", "{51AEA9F7-A721-438F-8B4B-A9D75FD79AB6}"
EndProject
Project("{FAE04EC0-301F-11D3-BF4B-00C04F79EFBC}") = "Promotions.Infrastructure", "Promotions.Infrastructure\Promotions.Infrastructure.csproj", "{7468A819-C1F5-4098-AC2B-48F77952C6ED}"
EndProject
Project("{FAE04EC0-301F-11D3-BF4B-00C04F79EFBC}") = "Promotions.Contracts", "Promotions.Contracts\Promotions.Contracts.csproj", "{4C60AEA6-727A-4EF9-826C-6C9FA2DA1D77}"
EndProject
Project("{2150E333-8FDC-42A3-9474-1A3956D46DE8}") = "Identity", "Identity", "{075D6228-3098-40EC-BFA0-E2EBCA194098}"
EndProject
Project("{FAE04EC0-301F-11D3-BF4B-00C04F79EFBC}") = "SSO.Api", "SSO.Api\SSO.Api.csproj", "{0465A323-3394-42C5-81BA-752BCE004245}"
EndProject
Project("{FAE04EC0-301F-11D3-BF4B-00C04F79EFBC}") = "SSO.Application", "SSO.Application\SSO.Application.csproj", "{BF7E3C14-5348-447C-A9FA-B36D4E47D010}"
EndProject
Project("{FAE04EC0-301F-11D3-BF4B-00C04F79EFBC}") = "SSO.Domain", "SSO.Domain\SSO.Domain.csproj", "{569A95ED-641B-4DCF-8D14-A38BEE9DA40E}"
EndProject
Project("{FAE04EC0-301F-11D3-BF4B-00C04F79EFBC}") = "SSO.Infrastructure", "SSO.Infrastructure\SSO.Infrastructure.csproj", "{ABA290B5-74D8-490D-A167-DE840CEE9585}"
EndProject
Project("{FAE04EC0-301F-11D3-BF4B-00C04F79EFBC}") = "SSO.Contracts", "SSO.Contracts\SSO.Contracts.csproj", "{D029E910-CF7E-451C-94EF-4FCA10C49883}"
EndProject
Project("{FAE04EC0-301F-11D3-BF4B-00C04F79EFBC}") = "MyCompany.Common.Logging", "BuildingBlocks\Common.Logging\MyCompany.Common.Logging.csproj", "{9E3E55E9-A44B-4407-8FC4-EEBE8C45AD72}"
EndProject
Project("{2150E333-8FDC-42A3-9474-1A3956D46DE8}") = "database", "database", "{EE40624A-5682-4517-B86D-D9931A088DC2}"
EndProject
Project("{2150E333-8FDC-42A3-9474-1A3956D46DE8}") = "Promotion", "Promotion", "{B9B26710-E957-4B7C-BDC1-2D526B16AF7C}"
EndProject
Project("{54A90642-561A-4BB1-A94E-469ADEE60C69}") = "MyCompany.WebApp", "MyCompany.WebApp\MyCompany.WebApp.esproj", "{2FA5E598-302B-4024-911E-17CABF967462}"
EndProject
Project("{FAE04EC0-301F-11D3-BF4B-00C04F79EFBC}") = "Promotions.UnitTests", "tests\Promotions.UnitTests\Promotions.UnitTests.csproj", "{653BCC83-4E0A-4089-AA76-81AA3AC4C153}"
EndProject
Project("{FAE04EC0-301F-11D3-BF4B-00C04F79EFBC}") = "MyCompany.ApiGateway.UnitTests", "tests\MyCompany.ApiGateway.UnitTests\MyCompany.ApiGateway.UnitTests.csproj", "{6A5A7BE0-0D4E-4189-B287-9C62E477B668}"
EndProject
Project("{FAE04EC0-301F-11D3-BF4B-00C04F79EFBC}") = "SSO.UnitTests", "tests\SSO.UnitTests\SSO.UnitTests.csproj", "{E06A71BE-D3E4-44CE-B999-A7A819AB27D6}"
EndProject
Global
	GlobalSection(SolutionConfigurationPlatforms) = preSolution
		Debug|Any CPU = Debug|Any CPU
		Debug|x64 = Debug|x64
		Debug|x86 = Debug|x86
		Release|Any CPU = Release|Any CPU
		Release|x64 = Release|x64
		Release|x86 = Release|x86
	EndGlobalSection
	GlobalSection(ProjectConfigurationPlatforms) = postSolution
		{7EFFECD7-7ABC-4923-B997-69DCACBADA2E}.Debug|Any CPU.ActiveCfg = Debug|Any CPU
		{7EFFECD7-7ABC-4923-B997-69DCACBADA2E}.Debug|Any CPU.Build.0 = Debug|Any CPU
		{7EFFECD7-7ABC-4923-B997-69DCACBADA2E}.Debug|x64.ActiveCfg = Debug|Any CPU
		{7EFFECD7-7ABC-4923-B997-69DCACBADA2E}.Debug|x64.Build.0 = Debug|Any CPU
		{7EFFECD7-7ABC-4923-B997-69DCACBADA2E}.Debug|x86.ActiveCfg = Debug|Any CPU
		{7EFFECD7-7ABC-4923-B997-69DCACBADA2E}.Debug|x86.Build.0 = Debug|Any CPU
		{7EFFECD7-7ABC-4923-B997-69DCACBADA2E}.Release|Any CPU.ActiveCfg = Release|Any CPU
		{7EFFECD7-7ABC-4923-B997-69DCACBADA2E}.Release|Any CPU.Build.0 = Release|Any CPU
		{7EFFECD7-7ABC-4923-B997-69DCACBADA2E}.Release|x64.ActiveCfg = Release|Any CPU
		{7EFFECD7-7ABC-4923-B997-69DCACBADA2E}.Release|x64.Build.0 = Release|Any CPU
		{7EFFECD7-7ABC-4923-B997-69DCACBADA2E}.Release|x86.ActiveCfg = Release|Any CPU
		{7EFFECD7-7ABC-4923-B997-69DCACBADA2E}.Release|x86.Build.0 = Release|Any CPU
		{F66352B1-B943-4445-B84B-382E26AE9EBF}.Debug|Any CPU.ActiveCfg = Debug|Any CPU
		{F66352B1-B943-4445-B84B-382E26AE9EBF}.Debug|Any CPU.Build.0 = Debug|Any CPU
		{F66352B1-B943-4445-B84B-382E26AE9EBF}.Debug|x64.ActiveCfg = Debug|Any CPU
		{F66352B1-B943-4445-B84B-382E26AE9EBF}.Debug|x64.Build.0 = Debug|Any CPU
		{F66352B1-B943-4445-B84B-382E26AE9EBF}.Debug|x86.ActiveCfg = Debug|Any CPU
		{F66352B1-B943-4445-B84B-382E26AE9EBF}.Debug|x86.Build.0 = Debug|Any CPU
		{F66352B1-B943-4445-B84B-382E26AE9EBF}.Release|Any CPU.ActiveCfg = Release|Any CPU
		{F66352B1-B943-4445-B84B-382E26AE9EBF}.Release|Any CPU.Build.0 = Release|Any CPU
		{F66352B1-B943-4445-B84B-382E26AE9EBF}.Release|x64.ActiveCfg = Release|Any CPU
		{F66352B1-B943-4445-B84B-382E26AE9EBF}.Release|x64.Build.0 = Release|Any CPU
		{F66352B1-B943-4445-B84B-382E26AE9EBF}.Release|x86.ActiveCfg = Release|Any CPU
		{F66352B1-B943-4445-B84B-382E26AE9EBF}.Release|x86.Build.0 = Release|Any CPU
		{79D166AE-D633-4EE9-804D-04C756015335}.Debug|Any CPU.ActiveCfg = Debug|Any CPU
		{79D166AE-D633-4EE9-804D-04C756015335}.Debug|Any CPU.Build.0 = Debug|Any CPU
		{79D166AE-D633-4EE9-804D-04C756015335}.Debug|x64.ActiveCfg = Debug|Any CPU
		{79D166AE-D633-4EE9-804D-04C756015335}.Debug|x64.Build.0 = Debug|Any CPU
		{79D166AE-D633-4EE9-804D-04C756015335}.Debug|x86.ActiveCfg = Debug|Any CPU
		{79D166AE-D633-4EE9-804D-04C756015335}.Debug|x86.Build.0 = Debug|Any CPU
		{79D166AE-D633-4EE9-804D-04C756015335}.Release|Any CPU.ActiveCfg = Release|Any CPU
		{79D166AE-D633-4EE9-804D-04C756015335}.Release|Any CPU.Build.0 = Release|Any CPU
		{79D166AE-D633-4EE9-804D-04C756015335}.Release|x64.ActiveCfg = Release|Any CPU
		{79D166AE-D633-4EE9-804D-04C756015335}.Release|x64.Build.0 = Release|Any CPU
		{79D166AE-D633-4EE9-804D-04C756015335}.Release|x86.ActiveCfg = Release|Any CPU
		{79D166AE-D633-4EE9-804D-04C756015335}.Release|x86.Build.0 = Release|Any CPU
		{51AEA9F7-A721-438F-8B4B-A9D75FD79AB6}.Debug|Any CPU.ActiveCfg = Debug|Any CPU
		{51AEA9F7-A721-438F-8B4B-A9D75FD79AB6}.Debug|Any CPU.Build.0 = Debug|Any CPU
		{51AEA9F7-A721-438F-8B4B-A9D75FD79AB6}.Debug|x64.ActiveCfg = Debug|Any CPU
		{51AEA9F7-A721-438F-8B4B-A9D75FD79AB6}.Debug|x64.Build.0 = Debug|Any CPU
		{51AEA9F7-A721-438F-8B4B-A9D75FD79AB6}.Debug|x86.ActiveCfg = Debug|Any CPU
		{51AEA9F7-A721-438F-8B4B-A9D75FD79AB6}.Debug|x86.Build.0 = Debug|Any CPU
		{51AEA9F7-A721-438F-8B4B-A9D75FD79AB6}.Release|Any CPU.ActiveCfg = Release|Any CPU
		{51AEA9F7-A721-438F-8B4B-A9D75FD79AB6}.Release|Any CPU.Build.0 = Release|Any CPU
		{51AEA9F7-A721-438F-8B4B-A9D75FD79AB6}.Release|x64.ActiveCfg = Release|Any CPU
		{51AEA9F7-A721-438F-8B4B-A9D75FD79AB6}.Release|x64.Build.0 = Release|Any CPU
		{51AEA9F7-A721-438F-8B4B-A9D75FD79AB6}.Release|x86.ActiveCfg = Release|Any CPU
		{51AEA9F7-A721-438F-8B4B-A9D75FD79AB6}.Release|x86.Build.0 = Release|Any CPU
		{7468A819-C1F5-4098-AC2B-48F77952C6ED}.Debug|Any CPU.ActiveCfg = Debug|Any CPU
		{7468A819-C1F5-4098-AC2B-48F77952C6ED}.Debug|Any CPU.Build.0 = Debug|Any CPU
		{7468A819-C1F5-4098-AC2B-48F77952C6ED}.Debug|x64.ActiveCfg = Debug|Any CPU
		{7468A819-C1F5-4098-AC2B-48F77952C6ED}.Debug|x64.Build.0 = Debug|Any CPU
		{7468A819-C1F5-4098-AC2B-48F77952C6ED}.Debug|x86.ActiveCfg = Debug|Any CPU
		{7468A819-C1F5-4098-AC2B-48F77952C6ED}.Debug|x86.Build.0 = Debug|Any CPU
		{7468A819-C1F5-4098-AC2B-48F77952C6ED}.Release|Any CPU.ActiveCfg = Release|Any CPU
		{7468A819-C1F5-4098-AC2B-48F77952C6ED}.Release|Any CPU.Build.0 = Release|Any CPU
		{7468A819-C1F5-4098-AC2B-48F77952C6ED}.Release|x64.ActiveCfg = Release|Any CPU
		{7468A819-C1F5-4098-AC2B-48F77952C6ED}.Release|x64.Build.0 = Release|Any CPU
		{7468A819-C1F5-4098-AC2B-48F77952C6ED}.Release|x86.ActiveCfg = Release|Any CPU
		{7468A819-C1F5-4098-AC2B-48F77952C6ED}.Release|x86.Build.0 = Release|Any CPU
		{4C60AEA6-727A-4EF9-826C-6C9FA2DA1D77}.Debug|Any CPU.ActiveCfg = Debug|Any CPU
		{4C60AEA6-727A-4EF9-826C-6C9FA2DA1D77}.Debug|Any CPU.Build.0 = Debug|Any CPU
		{4C60AEA6-727A-4EF9-826C-6C9FA2DA1D77}.Debug|x64.ActiveCfg = Debug|Any CPU
		{4C60AEA6-727A-4EF9-826C-6C9FA2DA1D77}.Debug|x64.Build.0 = Debug|Any CPU
		{4C60AEA6-727A-4EF9-826C-6C9FA2DA1D77}.Debug|x86.ActiveCfg = Debug|Any CPU
		{4C60AEA6-727A-4EF9-826C-6C9FA2DA1D77}.Debug|x86.Build.0 = Debug|Any CPU
		{4C60AEA6-727A-4EF9-826C-6C9FA2DA1D77}.Release|Any CPU.ActiveCfg = Release|Any CPU
		{4C60AEA6-727A-4EF9-826C-6C9FA2DA1D77}.Release|Any CPU.Build.0 = Release|Any CPU
		{4C60AEA6-727A-4EF9-826C-6C9FA2DA1D77}.Release|x64.ActiveCfg = Release|Any CPU
		{4C60AEA6-727A-4EF9-826C-6C9FA2DA1D77}.Release|x64.Build.0 = Release|Any CPU
		{4C60AEA6-727A-4EF9-826C-6C9FA2DA1D77}.Release|x86.ActiveCfg = Release|Any CPU
		{4C60AEA6-727A-4EF9-826C-6C9FA2DA1D77}.Release|x86.Build.0 = Release|Any CPU
		{0465A323-3394-42C5-81BA-752BCE004245}.Debug|Any CPU.ActiveCfg = Debug|Any CPU
		{0465A323-3394-42C5-81BA-752BCE004245}.Debug|Any CPU.Build.0 = Debug|Any CPU
		{0465A323-3394-42C5-81BA-752BCE004245}.Debug|x64.ActiveCfg = Debug|Any CPU
		{0465A323-3394-42C5-81BA-752BCE004245}.Debug|x64.Build.0 = Debug|Any CPU
		{0465A323-3394-42C5-81BA-752BCE004245}.Debug|x86.ActiveCfg = Debug|Any CPU
		{0465A323-3394-42C5-81BA-752BCE004245}.Debug|x86.Build.0 = Debug|Any CPU
		{0465A323-3394-42C5-81BA-752BCE004245}.Release|Any CPU.ActiveCfg = Release|Any CPU
		{0465A323-3394-42C5-81BA-752BCE004245}.Release|Any CPU.Build.0 = Release|Any CPU
		{0465A323-3394-42C5-81BA-752BCE004245}.Release|x64.ActiveCfg = Release|Any CPU
		{0465A323-3394-42C5-81BA-752BCE004245}.Release|x64.Build.0 = Release|Any CPU
		{0465A323-3394-42C5-81BA-752BCE004245}.Release|x86.ActiveCfg = Release|Any CPU
		{0465A323-3394-42C5-81BA-752BCE004245}.Release|x86.Build.0 = Release|Any CPU
		{BF7E3C14-5348-447C-A9FA-B36D4E47D010}.Debug|Any CPU.ActiveCfg = Debug|Any CPU
		{BF7E3C14-5348-447C-A9FA-B36D4E47D010}.Debug|Any CPU.Build.0 = Debug|Any CPU
		{BF7E3C14-5348-447C-A9FA-B36D4E47D010}.Debug|x64.ActiveCfg = Debug|Any CPU
		{BF7E3C14-5348-447C-A9FA-B36D4E47D010}.Debug|x64.Build.0 = Debug|Any CPU
		{BF7E3C14-5348-447C-A9FA-B36D4E47D010}.Debug|x86.ActiveCfg = Debug|Any CPU
		{BF7E3C14-5348-447C-A9FA-B36D4E47D010}.Debug|x86.Build.0 = Debug|Any CPU
		{BF7E3C14-5348-447C-A9FA-B36D4E47D010}.Release|Any CPU.ActiveCfg = Release|Any CPU
		{BF7E3C14-5348-447C-A9FA-B36D4E47D010}.Release|Any CPU.Build.0 = Release|Any CPU
		{BF7E3C14-5348-447C-A9FA-B36D4E47D010}.Release|x64.ActiveCfg = Release|Any CPU
		{BF7E3C14-5348-447C-A9FA-B36D4E47D010}.Release|x64.Build.0 = Release|Any CPU
		{BF7E3C14-5348-447C-A9FA-B36D4E47D010}.Release|x86.ActiveCfg = Release|Any CPU
		{BF7E3C14-5348-447C-A9FA-B36D4E47D010}.Release|x86.Build.0 = Release|Any CPU
		{569A95ED-641B-4DCF-8D14-A38BEE9DA40E}.Debug|Any CPU.ActiveCfg = Debug|Any CPU
		{569A95ED-641B-4DCF-8D14-A38BEE9DA40E}.Debug|Any CPU.Build.0 = Debug|Any CPU
		{569A95ED-641B-4DCF-8D14-A38BEE9DA40E}.Debug|x64.ActiveCfg = Debug|Any CPU
		{569A95ED-641B-4DCF-8D14-A38BEE9DA40E}.Debug|x64.Build.0 = Debug|Any CPU
		{569A95ED-641B-4DCF-8D14-A38BEE9DA40E}.Debug|x86.ActiveCfg = Debug|Any CPU
		{569A95ED-641B-4DCF-8D14-A38BEE9DA40E}.Debug|x86.Build.0 = Debug|Any CPU
		{569A95ED-641B-4DCF-8D14-A38BEE9DA40E}.Release|Any CPU.ActiveCfg = Release|Any CPU
		{569A95ED-641B-4DCF-8D14-A38BEE9DA40E}.Release|Any CPU.Build.0 = Release|Any CPU
		{569A95ED-641B-4DCF-8D14-A38BEE9DA40E}.Release|x64.ActiveCfg = Release|Any CPU
		{569A95ED-641B-4DCF-8D14-A38BEE9DA40E}.Release|x64.Build.0 = Release|Any CPU
		{569A95ED-641B-4DCF-8D14-A38BEE9DA40E}.Release|x86.ActiveCfg = Release|Any CPU
		{569A95ED-641B-4DCF-8D14-A38BEE9DA40E}.Release|x86.Build.0 = Release|Any CPU
		{ABA290B5-74D8-490D-A167-DE840CEE9585}.Debug|Any CPU.ActiveCfg = Debug|Any CPU
		{ABA290B5-74D8-490D-A167-DE840CEE9585}.Debug|Any CPU.Build.0 = Debug|Any CPU
		{ABA290B5-74D8-490D-A167-DE840CEE9585}.Debug|x64.ActiveCfg = Debug|Any CPU
		{ABA290B5-74D8-490D-A167-DE840CEE9585}.Debug|x64.Build.0 = Debug|Any CPU
		{ABA290B5-74D8-490D-A167-DE840CEE9585}.Debug|x86.ActiveCfg = Debug|Any CPU
		{ABA290B5-74D8-490D-A167-DE840CEE9585}.Debug|x86.Build.0 = Debug|Any CPU
		{ABA290B5-74D8-490D-A167-DE840CEE9585}.Release|Any CPU.ActiveCfg = Release|Any CPU
		{ABA290B5-74D8-490D-A167-DE840CEE9585}.Release|Any CPU.Build.0 = Release|Any CPU
		{ABA290B5-74D8-490D-A167-DE840CEE9585}.Release|x64.ActiveCfg = Release|Any CPU
		{ABA290B5-74D8-490D-A167-DE840CEE9585}.Release|x64.Build.0 = Release|Any CPU
		{ABA290B5-74D8-490D-A167-DE840CEE9585}.Release|x86.ActiveCfg = Release|Any CPU
		{ABA290B5-74D8-490D-A167-DE840CEE9585}.Release|x86.Build.0 = Release|Any CPU
		{D029E910-CF7E-451C-94EF-4FCA10C49883}.Debug|Any CPU.ActiveCfg = Debug|Any CPU
		{D029E910-CF7E-451C-94EF-4FCA10C49883}.Debug|Any CPU.Build.0 = Debug|Any CPU
		{D029E910-CF7E-451C-94EF-4FCA10C49883}.Debug|x64.ActiveCfg = Debug|Any CPU
		{D029E910-CF7E-451C-94EF-4FCA10C49883}.Debug|x64.Build.0 = Debug|Any CPU
		{D029E910-CF7E-451C-94EF-4FCA10C49883}.Debug|x86.ActiveCfg = Debug|Any CPU
		{D029E910-CF7E-451C-94EF-4FCA10C49883}.Debug|x86.Build.0 = Debug|Any CPU
		{D029E910-CF7E-451C-94EF-4FCA10C49883}.Release|Any CPU.ActiveCfg = Release|Any CPU
		{D029E910-CF7E-451C-94EF-4FCA10C49883}.Release|Any CPU.Build.0 = Release|Any CPU
		{D029E910-CF7E-451C-94EF-4FCA10C49883}.Release|x64.ActiveCfg = Release|Any CPU
		{D029E910-CF7E-451C-94EF-4FCA10C49883}.Release|x64.Build.0 = Release|Any CPU
		{D029E910-CF7E-451C-94EF-4FCA10C49883}.Release|x86.ActiveCfg = Release|Any CPU
		{D029E910-CF7E-451C-94EF-4FCA10C49883}.Release|x86.Build.0 = Release|Any CPU
		{9E3E55E9-A44B-4407-8FC4-EEBE8C45AD72}.Debug|Any CPU.ActiveCfg = Debug|Any CPU
		{9E3E55E9-A44B-4407-8FC4-EEBE8C45AD72}.Debug|Any CPU.Build.0 = Debug|Any CPU
		{9E3E55E9-A44B-4407-8FC4-EEBE8C45AD72}.Debug|x64.ActiveCfg = Debug|Any CPU
		{9E3E55E9-A44B-4407-8FC4-EEBE8C45AD72}.Debug|x64.Build.0 = Debug|Any CPU
		{9E3E55E9-A44B-4407-8FC4-EEBE8C45AD72}.Debug|x86.ActiveCfg = Debug|Any CPU
		{9E3E55E9-A44B-4407-8FC4-EEBE8C45AD72}.Debug|x86.Build.0 = Debug|Any CPU
		{9E3E55E9-A44B-4407-8FC4-EEBE8C45AD72}.Release|Any CPU.ActiveCfg = Release|Any CPU
		{9E3E55E9-A44B-4407-8FC4-EEBE8C45AD72}.Release|Any CPU.Build.0 = Release|Any CPU
		{9E3E55E9-A44B-4407-8FC4-EEBE8C45AD72}.Release|x64.ActiveCfg = Release|Any CPU
		{9E3E55E9-A44B-4407-8FC4-EEBE8C45AD72}.Release|x64.Build.0 = Release|Any CPU
		{9E3E55E9-A44B-4407-8FC4-EEBE8C45AD72}.Release|x86.ActiveCfg = Release|Any CPU
		{9E3E55E9-A44B-4407-8FC4-EEBE8C45AD72}.Release|x86.Build.0 = Release|Any CPU
		{2FA5E598-302B-4024-911E-17CABF967462}.Debug|Any CPU.ActiveCfg = Debug|Any CPU
		{2FA5E598-302B-4024-911E-17CABF967462}.Debug|x64.ActiveCfg = Debug|Any CPU
		{2FA5E598-302B-4024-911E-17CABF967462}.Debug|x86.ActiveCfg = Debug|Any CPU
		{2FA5E598-302B-4024-911E-17CABF967462}.Release|Any CPU.ActiveCfg = Release|Any CPU
		{2FA5E598-302B-4024-911E-17CABF967462}.Release|x64.ActiveCfg = Release|Any CPU
		{2FA5E598-302B-4024-911E-17CABF967462}.Release|x86.ActiveCfg = Release|Any CPU
		{653BCC83-4E0A-4089-AA76-81AA3AC4C153}.Debug|Any CPU.ActiveCfg = Debug|Any CPU
		{653BCC83-4E0A-4089-AA76-81AA3AC4C153}.Debug|Any CPU.Build.0 = Debug|Any CPU
		{653BCC83-4E0A-4089-AA76-81AA3AC4C153}.Debug|x64.ActiveCfg = Debug|Any CPU
		{653BCC83-4E0A-4089-AA76-81AA3AC4C153}.Debug|x64.Build.0 = Debug|Any CPU
		{653BCC83-4E0A-4089-AA76-81AA3AC4C153}.Debug|x86.ActiveCfg = Debug|Any CPU
		{653BCC83-4E0A-4089-AA76-81AA3AC4C153}.Debug|x86.Build.0 = Debug|Any CPU
		{653BCC83-4E0A-4089-AA76-81AA3AC4C153}.Release|Any CPU.ActiveCfg = Release|Any CPU
		{653BCC83-4E0A-4089-AA76-81AA3AC4C153}.Release|Any CPU.Build.0 = Release|Any CPU
		{653BCC83-4E0A-4089-AA76-81AA3AC4C153}.Release|x64.ActiveCfg = Release|Any CPU
		{653BCC83-4E0A-4089-AA76-81AA3AC4C153}.Release|x64.Build.0 = Release|Any CPU
		{653BCC83-4E0A-4089-AA76-81AA3AC4C153}.Release|x86.ActiveCfg = Release|Any CPU
		{653BCC83-4E0A-4089-AA76-81AA3AC4C153}.Release|x86.Build.0 = Release|Any CPU
		{6A5A7BE0-0D4E-4189-B287-9C62E477B668}.Debug|Any CPU.ActiveCfg = Debug|Any CPU
		{6A5A7BE0-0D4E-4189-B287-9C62E477B668}.Debug|Any CPU.Build.0 = Debug|Any CPU
		{6A5A7BE0-0D4E-4189-B287-9C62E477B668}.Debug|x64.ActiveCfg = Debug|Any CPU
		{6A5A7BE0-0D4E-4189-B287-9C62E477B668}.Debug|x64.Build.0 = Debug|Any CPU
		{6A5A7BE0-0D4E-4189-B287-9C62E477B668}.Debug|x86.ActiveCfg = Debug|Any CPU
		{6A5A7BE0-0D4E-4189-B287-9C62E477B668}.Debug|x86.Build.0 = Debug|Any CPU
		{6A5A7BE0-0D4E-4189-B287-9C62E477B668}.Release|Any CPU.ActiveCfg = Release|Any CPU
		{6A5A7BE0-0D4E-4189-B287-9C62E477B668}.Release|Any CPU.Build.0 = Release|Any CPU
		{6A5A7BE0-0D4E-4189-B287-9C62E477B668}.Release|x64.ActiveCfg = Release|Any CPU
		{6A5A7BE0-0D4E-4189-B287-9C62E477B668}.Release|x64.Build.0 = Release|Any CPU
		{6A5A7BE0-0D4E-4189-B287-9C62E477B668}.Release|x86.ActiveCfg = Release|Any CPU
		{6A5A7BE0-0D4E-4189-B287-9C62E477B668}.Release|x86.Build.0 = Release|Any CPU
		{E06A71BE-D3E4-44CE-B999-A7A819AB27D6}.Debug|Any CPU.ActiveCfg = Debug|Any CPU
		{E06A71BE-D3E4-44CE-B999-A7A819AB27D6}.Debug|Any CPU.Build.0 = Debug|Any CPU
		{E06A71BE-D3E4-44CE-B999-A7A819AB27D6}.Debug|x64.ActiveCfg = Debug|Any CPU
		{E06A71BE-D3E4-44CE-B999-A7A819AB27D6}.Debug|x64.Build.0 = Debug|Any CPU
		{E06A71BE-D3E4-44CE-B999-A7A819AB27D6}.Debug|x86.ActiveCfg = Debug|Any CPU
		{E06A71BE-D3E4-44CE-B999-A7A819AB27D6}.Debug|x86.Build.0 = Debug|Any CPU
		{E06A71BE-D3E4-44CE-B999-A7A819AB27D6}.Release|Any CPU.ActiveCfg = Release|Any CPU
		{E06A71BE-D3E4-44CE-B999-A7A819AB27D6}.Release|Any CPU.Build.0 = Release|Any CPU
		{E06A71BE-D3E4-44CE-B999-A7A819AB27D6}.Release|x64.ActiveCfg = Release|Any CPU
		{E06A71BE-D3E4-44CE-B999-A7A819AB27D6}.Release|x64.Build.0 = Release|Any CPU
		{E06A71BE-D3E4-44CE-B999-A7A819AB27D6}.Release|x86.ActiveCfg = Release|Any CPU
		{E06A71BE-D3E4-44CE-B999-A7A819AB27D6}.Release|x86.Build.0 = Release|Any CPU
	EndGlobalSection
	GlobalSection(SolutionProperties) = preSolution
		HideSolutionNode = FALSE
	EndGlobalSection
	GlobalSection(NestedProjects) = preSolution
		{41F4B6D8-A65D-4D19-8482-3DEC57DE0427} = {02EA681E-C7D8-13C7-8484-4AC65E1B71E8}
		{7EFFECD7-7ABC-4923-B997-69DCACBADA2E} = {41F4B6D8-A65D-4D19-8482-3DEC57DE0427}
		{FC193D92-3C2C-43A5-869C-EB6511C69891} = {02EA681E-C7D8-13C7-8484-4AC65E1B71E8}
		{327212B3-68EA-4A81-8E35-727F92BA9CA5} = {FC193D92-3C2C-43A5-869C-EB6511C69891}
		{F66352B1-B943-4445-B84B-382E26AE9EBF} = {327212B3-68EA-4A81-8E35-727F92BA9CA5}
		{B45A298B-0BC6-4198-B19B-9A9E9FC48586} = {02EA681E-C7D8-13C7-8484-4AC65E1B71E8}
		{94B46F9D-B426-4CBD-BCB5-10B2F08EAACF} = {B45A298B-0BC6-4198-B19B-9A9E9FC48586}
		{2E4C81B0-EF9F-4D3B-B115-B9B055E7F1D4} = {B45A298B-0BC6-4198-B19B-9A9E9FC48586}
		{7E8F3782-999C-4C56-8DA2-2CEEAD1E91CB} = {B45A298B-0BC6-4198-B19B-9A9E9FC48586}
		{54B036B8-1962-4AB7-9DEA-A8C002913AA3} = {A4581E15-B8D6-46EE-A59E-F15BEF48E8A6}
		{77820253-135A-4EC3-A50F-08F23BDCF998} = {A4581E15-B8D6-46EE-A59E-F15BEF48E8A6}
		{663E3E15-7418-44BF-960D-F17AABC1853E} = {A4581E15-B8D6-46EE-A59E-F15BEF48E8A6}
		{79D166AE-D633-4EE9-804D-04C756015335} = {327212B3-68EA-4A81-8E35-727F92BA9CA5}
		{51AEA9F7-A721-438F-8B4B-A9D75FD79AB6} = {327212B3-68EA-4A81-8E35-727F92BA9CA5}
		{7468A819-C1F5-4098-AC2B-48F77952C6ED} = {327212B3-68EA-4A81-8E35-727F92BA9CA5}
		{4C60AEA6-727A-4EF9-826C-6C9FA2DA1D77} = {327212B3-68EA-4A81-8E35-727F92BA9CA5}
		{075D6228-3098-40EC-BFA0-E2EBCA194098} = {FC193D92-3C2C-43A5-869C-EB6511C69891}
		{0465A323-3394-42C5-81BA-752BCE004245} = {075D6228-3098-40EC-BFA0-E2EBCA194098}
		{BF7E3C14-5348-447C-A9FA-B36D4E47D010} = {075D6228-3098-40EC-BFA0-E2EBCA194098}
		{569A95ED-641B-4DCF-8D14-A38BEE9DA40E} = {075D6228-3098-40EC-BFA0-E2EBCA194098}
		{ABA290B5-74D8-490D-A167-DE840CEE9585} = {075D6228-3098-40EC-BFA0-E2EBCA194098}
		{D029E910-CF7E-451C-94EF-4FCA10C49883} = {075D6228-3098-40EC-BFA0-E2EBCA194098}
		{9E3E55E9-A44B-4407-8FC4-EEBE8C45AD72} = {B45A298B-0BC6-4198-B19B-9A9E9FC48586}
		{B9B26710-E957-4B7C-BDC1-2D526B16AF7C} = {EE40624A-5682-4517-B86D-D9931A088DC2}
		{653BCC83-4E0A-4089-AA76-81AA3AC4C153} = {1922A0EC-9D05-46DD-ABD6-1D84415C39ED}
		{6A5A7BE0-0D4E-4189-B287-9C62E477B668} = {1922A0EC-9D05-46DD-ABD6-1D84415C39ED}
		{E06A71BE-D3E4-44CE-B999-A7A819AB27D6} = {1922A0EC-9D05-46DD-ABD6-1D84415C39ED}
	EndGlobalSection
	GlobalSection(ExtensibilityGlobals) = postSolution
		SolutionGuid = {9C1FCD3C-A072-40BD-B17A-4F6C0E8998F5}
	EndGlobalSection
EndGlobal
